
Microsoft Visual Studio Solution File, Format Version 12.00
# Visual Studio Version 17
VisualStudioVersion = 17.0.31903.59
MinimumVisualStudioVersion = 10.0.40219.1
Project("{2150E333-8FDC-42A3-9474-1A3956D46DE8}") = "shared", "shared", "{4F52FD11-658E-A102-6CD3-7D7C16FFA15B}"
EndProject
Project("{FAE04EC0-301F-11D3-BF4B-00C04F79EFBC}") = "Contracts", "shared\Contracts\Contracts.csproj", "{8C527619-0C55-483B-82E4-C86DB2EA88EC}"
EndProject
Project("{2150E333-8FDC-42A3-9474-1A3956D46DE8}") = "src", "src", "{827E0CD3-B72D-47B6-A68D-7590B98EB39B}"
EndProject
Project("{FAE04EC0-301F-11D3-BF4B-00C04F79EFBC}") = "NotificationConsumer", "src\NotificationConsumer\NotificationConsumer.csproj", "{652398D5-0769-4C43-91FF-C987C3E82088}"
EndProject
Project("{FAE04EC0-301F-11D3-BF4B-00C04F79EFBC}") = "OrderService", "src\OrderService\OrderService.csproj", "{9DE7E217-F1AD-46EB-A6FC-D5C4AB2DA113}"
EndProject
Project("{FAE04EC0-301F-11D3-BF4B-00C04F79EFBC}") = "PaymentConsumer", "src\PaymentConsumer\PaymentConsumer.csproj", "{C141E8F4-9740-4A75-832E-49E0FECC948F}"
EndProject
Project("{FAE04EC0-301F-11D3-BF4B-00C04F79EFBC}") = "StockConsumer", "src\StockConsumer\StockConsumer.csproj", "{B3528F03-1A3F-4AF2-BB47-F8DFF92199F2}"
EndProject
Project("{FAE04EC0-301F-11D3-BF4B-00C04F79EFBC}") = "InvoiceConsumer", "src\InvoiceConsumer\InvoiceConsumer.csproj", "{3004775C-B9CF-4073-BB95-B75D3956C6B5}"
EndProject
Project("{FAE04EC0-301F-11D3-BF4B-00C04F79EFBC}") = "ShippingConsumer", "src\ShippingConsumer\ShippingConsumer.csproj", "{8A06263E-8A3D-4C0A-AC01-2B98E197281D}"
EndProject
Project("{FAE04EC0-301F-11D3-BF4B-00C04F79EFBC}") = "WarehouseConsumer", "src\WarehouseConsumer\WarehouseConsumer.csproj", "{5A831273-35AF-4D16-8054-8215B120B15D}"
EndProject
Project("{2150E333-8FDC-42A3-9474-1A3956D46DE8}") = "tests", "tests", "{0AB3BF05-4346-4AA6-1389-037BE0695223}"
EndProject
Project("{FAE04EC0-301F-11D3-BF4B-00C04F79EFBC}") = "StockConsumer.Tests", "tests\StockConsumer.Tests\StockConsumer.Tests.csproj", "{A0FE45C0-7DC7-47C0-A0F7-37B40D3F5EFB}"
EndProject
Project("{FAE04EC0-301F-11D3-BF4B-00C04F79EFBC}") = "StubPaymentGateway", "src\StubPaymentGateway\StubPaymentGateway.csproj", "{10B5869E-7538-427F-B14C-487467F575A1}"
EndProject
Global
	GlobalSection(SolutionConfigurationPlatforms) = preSolution
		Debug|Any CPU = Debug|Any CPU
		Debug|x64 = Debug|x64
		Debug|x86 = Debug|x86
		Release|Any CPU = Release|Any CPU
		Release|x64 = Release|x64
		Release|x86 = Release|x86
	EndGlobalSection
	GlobalSection(ProjectConfigurationPlatforms) = postSolution
		{8C527619-0C55-483B-82E4-C86DB2EA88EC}.Debug|Any CPU.ActiveCfg = Debug|Any CPU
		{8C527619-0C55-483B-82E4-C86DB2EA88EC}.Debug|Any CPU.Build.0 = Debug|Any CPU
		{8C527619-0C55-483B-82E4-C86DB2EA88EC}.Debug|x64.ActiveCfg = Debug|Any CPU
		{8C527619-0C55-483B-82E4-C86DB2EA88EC}.Debug|x64.Build.0 = Debug|Any CPU
		{8C527619-0C55-483B-82E4-C86DB2EA88EC}.Debug|x86.ActiveCfg = Debug|Any CPU
		{8C527619-0C55-483B-82E4-C86DB2EA88EC}.Debug|x86.Build.0 = Debug|Any CPU
		{8C527619-0C55-483B-82E4-C86DB2EA88EC}.Release|Any CPU.ActiveCfg = Release|Any CPU
		{8C527619-0C55-483B-82E4-C86DB2EA88EC}.Release|Any CPU.Build.0 = Release|Any CPU
		{8C527619-0C55-483B-82E4-C86DB2EA88EC}.Release|x64.ActiveCfg = Release|Any CPU
		{8C527619-0C55-483B-82E4-C86DB2EA88EC}.Release|x64.Build.0 = Release|Any CPU
		{8C527619-0C55-483B-82E4-C86DB2EA88EC}.Release|x86.ActiveCfg = Release|Any CPU
		{8C527619-0C55-483B-82E4-C86DB2EA88EC}.Release|x86.Build.0 = Release|Any CPU
		{652398D5-0769-4C43-91FF-C987C3E82088}.Debug|Any CPU.ActiveCfg = Debug|Any CPU
		{652398D5-0769-4C43-91FF-C987C3E82088}.Debug|Any CPU.Build.0 = Debug|Any CPU
		{652398D5-0769-4C43-91FF-C987C3E82088}.Debug|x64.ActiveCfg = Debug|Any CPU
		{652398D5-0769-4C43-91FF-C987C3E82088}.Debug|x64.Build.0 = Debug|Any CPU
		{652398D5-0769-4C43-91FF-C987C3E82088}.Debug|x86.ActiveCfg = Debug|Any CPU
		{652398D5-0769-4C43-91FF-C987C3E82088}.Debug|x86.Build.0 = Debug|Any CPU
		{652398D5-0769-4C43-91FF-C987C3E82088}.Release|Any CPU.ActiveCfg = Release|Any CPU
		{652398D5-0769-4C43-91FF-C987C3E82088}.Release|Any CPU.Build.0 = Release|Any CPU
		{652398D5-0769-4C43-91FF-C987C3E82088}.Release|x64.ActiveCfg = Release|Any CPU
		{652398D5-0769-4C43-91FF-C987C3E82088}.Release|x64.Build.0 = Release|Any CPU
		{652398D5-0769-4C43-91FF-C987C3E82088}.Release|x86.ActiveCfg = Release|Any CPU
		{652398D5-0769-4C43-91FF-C987C3E82088}.Release|x86.Build.0 = Release|Any CPU
		{9DE7E217-F1AD-46EB-A6FC-D5C4AB2DA113}.Debug|Any CPU.ActiveCfg = Debug|Any CPU
		{9DE7E217-F1AD-46EB-A6FC-D5C4AB2DA113}.Debug|Any CPU.Build.0 = Debug|Any CPU
		{9DE7E217-F1AD-46EB-A6FC-D5C4AB2DA113}.Debug|x64.ActiveCfg = Debug|Any CPU
		{9DE7E217-F1AD-46EB-A6FC-D5C4AB2DA113}.Debug|x64.Build.0 = Debug|Any CPU
		{9DE7E217-F1AD-46EB-A6FC-D5C4AB2DA113}.Debug|x86.ActiveCfg = Debug|Any CPU
		{9DE7E217-F1AD-46EB-A6FC-D5C4AB2DA113}.Debug|x86.Build.0 = Debug|Any CPU
		{9DE7E217-F1AD-46EB-A6FC-D5C4AB2DA113}.Release|Any CPU.ActiveCfg = Release|Any CPU
		{9DE7E217-F1AD-46EB-A6FC-D5C4AB2DA113}.Release|Any CPU.Build.0 = Release|Any CPU
		{9DE7E217-F1AD-46EB-A6FC-D5C4AB2DA113}.Release|x64.ActiveCfg = Release|Any CPU
		{9DE7E217-F1AD-46EB-A6FC-D5C4AB2DA113}.Release|x64.Build.0 = Release|Any CPU
		{9DE7E217-F1AD-46EB-A6FC-D5C4AB2DA113}.Release|x86.ActiveCfg = Release|Any CPU
		{9DE7E217-F1AD-46EB-A6FC-D5C4AB2DA113}.Release|x86.Build.0 = Release|Any CPU
		{C141E8F4-9740-4A75-832E-49E0FECC948F}.Debug|Any CPU.ActiveCfg = Debug|Any CPU
		{C141E8F4-9740-4A75-832E-49E0FECC948F}.Debug|Any CPU.Build.0 = Debug|Any CPU
		{C141E8F4-9740-4A75-832E-49E0FECC948F}.Debug|x64.ActiveCfg = Debug|Any CPU
		{C141E8F4-9740-4A75-832E-49E0FECC948F}.Debug|x64.Build.0 = Debug|Any CPU
		{C141E8F4-9740-4A75-832E-49E0FECC948F}.Debug|x86.ActiveCfg = Debug|Any CPU
		{C141E8F4-9740-4A75-832E-49E0FECC948F}.Debug|x86.Build.0 = Debug|Any CPU
		{C141E8F4-9740-4A75-832E-49E0FECC948F}.Release|Any CPU.ActiveCfg = Release|Any CPU
		{C141E8F4-9740-4A75-832E-49E0FECC948F}.Release|Any CPU.Build.0 = Release|Any CPU
		{C141E8F4-9740-4A75-832E-49E0FECC948F}.Release|x64.ActiveCfg = Release|Any CPU
		{C141E8F4-9740-4A75-832E-49E0FECC948F}.Release|x64.Build.0 = Release|Any CPU
		{C141E8F4-9740-4A75-832E-49E0FECC948F}.Release|x86.ActiveCfg = Release|Any CPU
		{C141E8F4-9740-4A75-832E-49E0FECC948F}.Release|x86.Build.0 = Release|Any CPU
		{B3528F03-1A3F-4AF2-BB47-F8DFF92199F2}.Debug|Any CPU.ActiveCfg = Debug|Any CPU
		{B3528F03-1A3F-4AF2-BB47-F8DFF92199F2}.Debug|Any CPU.Build.0 = Debug|Any CPU
		{B3528F03-1A3F-4AF2-BB47-F8DFF92199F2}.Debug|x64.ActiveCfg = Debug|Any CPU
		{B3528F03-1A3F-4AF2-BB47-F8DFF92199F2}.Debug|x64.Build.0 = Debug|Any CPU
		{B3528F03-1A3F-4AF2-BB47-F8DFF92199F2}.Debug|x86.ActiveCfg = Debug|Any CPU
		{B3528F03-1A3F-4AF2-BB47-F8DFF92199F2}.Debug|x86.Build.0 = Debug|Any CPU
		{B3528F03-1A3F-4AF2-BB47-F8DFF92199F2}.Release|Any CPU.ActiveCfg = Release|Any CPU
		{B3528F03-1A3F-4AF2-BB47-F8DFF92199F2}.Release|Any CPU.Build.0 = Release|Any CPU
		{B3528F03-1A3F-4AF2-BB47-F8DFF92199F2}.Release|x64.ActiveCfg = Release|Any CPU
		{B3528F03-1A3F-4AF2-BB47-F8DFF92199F2}.Release|x64.Build.0 = Release|Any CPU
		{B3528F03-1A3F-4AF2-BB47-F8DFF92199F2}.Release|x86.ActiveCfg = Release|Any CPU
		{B3528F03-1A3F-4AF2-BB47-F8DFF92199F2}.Release|x86.Build.0 = Release|Any CPU
		{3004775C-B9CF-4073-BB95-B75D3956C6B5}.Debug|Any CPU.ActiveCfg = Debug|Any CPU
		{3004775C-B9CF-4073-BB95-B75D3956C6B5}.Debug|Any CPU.Build.0 = Debug|Any CPU
		{3004775C-B9CF-4073-BB95-B75D3956C6B5}.Debug|x64.ActiveCfg = Debug|Any CPU
		{3004775C-B9CF-4073-BB95-B75D3956C6B5}.Debug|x64.Build.0 = Debug|Any CPU
		{3004775C-B9CF-4073-BB95-B75D3956C6B5}.Debug|x86.ActiveCfg = Debug|Any CPU
		{3004775C-B9CF-4073-BB95-B75D3956C6B5}.Debug|x86.Build.0 = Debug|Any CPU
		{3004775C-B9CF-4073-BB95-B75D3956C6B5}.Release|Any CPU.ActiveCfg = Release|Any CPU
		{3004775C-B9CF-4073-BB95-B75D3956C6B5}.Release|Any CPU.Build.0 = Release|Any CPU
		{3004775C-B9CF-4073-BB95-B75D3956C6B5}.Release|x64.ActiveCfg = Release|Any CPU
		{3004775C-B9CF-4073-BB95-B75D3956C6B5}.Release|x64.Build.0 = Release|Any CPU
		{3004775C-B9CF-4073-BB95-B75D3956C6B5}.Release|x86.ActiveCfg = Release|Any CPU
		{3004775C-B9CF-4073-BB95-B75D3956C6B5}.Release|x86.Build.0 = Release|Any CPU
		{8A06263E-8A3D-4C0A-AC01-2B98E197281D}.Debug|Any CPU.ActiveCfg = Debug|Any CPU
		{8A06263E-8A3D-4C0A-AC01-2B98E197281D}.Debug|Any CPU.Build.0 = Debug|Any CPU
		{8A06263E-8A3D-4C0A-AC01-2B98E197281D}.Debug|x64.ActiveCfg = Debug|Any CPU
		{8A06263E-8A3D-4C0A-AC01-2B98E197281D}.Debug|x64.Build.0 = Debug|Any CPU
		{8A06263E-8A3D-4C0A-AC01-2B98E197281D}.Debug|x86.ActiveCfg = Debug|Any CPU
		{8A06263E-8A3D-4C0A-AC01-2B98E197281D}.Debug|x86.Build.0 = Debug|Any CPU
		{8A06263E-8A3D-4C0A-AC01-2B98E197281D}.Release|Any CPU.ActiveCfg = Release|Any CPU
		{8A06263E-8A3D-4C0A-AC01-2B98E197281D}.Release|Any CPU.Build.0 = Release|Any CPU
		{8A06263E-8A3D-4C0A-AC01-2B98E197281D}.Release|x64.ActiveCfg = Release|Any CPU
		{8A06263E-8A3D-4C0A-AC01-2B98E197281D}.Release|x64.Build.0 = Release|Any CPU
		{8A06263E-8A3D-4C0A-AC01-2B98E197281D}.Release|x86.ActiveCfg = Release|Any CPU
		{8A06263E-8A3D-4C0A-AC01-2B98E197281D}.Release|x86.Build.0 = Release|Any CPU
		{5A831273-35AF-4D16-8054-8215B120B15D}.Debug|Any CPU.ActiveCfg = Debug|Any CPU
		{5A831273-35AF-4D16-8054-8215B120B15D}.Debug|Any CPU.Build.0 = Debug|Any CPU
		{5A831273-35AF-4D16-8054-8215B120B15D}.Debug|x64.ActiveCfg = Debug|Any CPU
		{5A831273-35AF-4D16-8054-8215B120B15D}.Debug|x64.Build.0 = Debug|Any CPU
		{5A831273-35AF-4D16-8054-8215B120B15D}.Debug|x86.ActiveCfg = Debug|Any CPU
		{5A831273-35AF-4D16-8054-8215B120B15D}.Debug|x86.Build.0 = Debug|Any CPU
		{5A831273-35AF-4D16-8054-8215B120B15D}.Release|Any CPU.ActiveCfg = Release|Any CPU
		{5A831273-35AF-4D16-8054-8215B120B15D}.Release|Any CPU.Build.0 = Release|Any CPU
		{5A831273-35AF-4D16-8054-8215B120B15D}.Release|x64.ActiveCfg = Release|Any CPU
		{5A831273-35AF-4D16-8054-8215B120B15D}.Release|x64.Build.0 = Release|Any CPU
		{5A831273-35AF-4D16-8054-8215B120B15D}.Release|x86.ActiveCfg = Release|Any CPU
		{5A831273-35AF-4D16-8054-8215B120B15D}.Release|x86.Build.0 = Release|Any CPU
		{A0FE45C0-7DC7-47C0-A0F7-37B40D3F5EFB}.Debug|Any CPU.ActiveCfg = Debug|Any CPU
		{A0FE45C0-7DC7-47C0-A0F7-37B40D3F5EFB}.Debug|Any CPU.Build.0 = Debug|Any CPU
		{A0FE45C0-7DC7-47C0-A0F7-37B40D3F5EFB}.Debug|x64.ActiveCfg = Debug|Any CPU
		{A0FE45C0-7DC7-47C0-A0F7-37B40D3F5EFB}.Debug|x64.Build.0 = Debug|Any CPU
		{A0FE45C0-7DC7-47C0-A0F7-37B40D3F5EFB}.Debug|x86.ActiveCfg = Debug|Any CPU
		{A0FE45C0-7DC7-47C0-A0F7-37B40D3F5EFB}.Debug|x86.Build.0 = Debug|Any CPU
		{A0FE45C0-7DC7-47C0-A0F7-37B40D3F5EFB}.Release|Any CPU.ActiveCfg = Release|Any CPU
		{A0FE45C0-7DC7-47C0-A0F7-37B40D3F5EFB}.Release|Any CPU.Build.0 = Release|Any CPU
		{A0FE45C0-7DC7-47C0-A0F7-37B40D3F5EFB}.Release|x64.ActiveCfg = Release|Any CPU
		{A0FE45C0-7DC7-47C0-A0F7-37B40D3F5EFB}.Release|x64.Build.0 = Release|Any CPU
		{A0FE45C0-7DC7-47C0-A0F7-37B40D3F5EFB}.Release|x86.ActiveCfg = Release|Any CPU
		{A0FE45C0-7DC7-47C0-A0F7-37B40D3F5EFB}.Release|x86.Build.0 = Release|Any CPU
		{10B5869E-7538-427F-B14C-487467F575A1}.Debug|Any CPU.ActiveCfg = Debug|Any CPU
		{10B5869E-7538-427F-B14C-487467F575A1}.Debug|Any CPU.Build.0 = Debug|Any CPU
		{10B5869E-7538-427F-B14C-487467F575A1}.Debug|x64.ActiveCfg = Debug|Any CPU
		{10B5869E-7538-427F-B14C-487467F575A1}.Debug|x64.Build.0 = Debug|Any CPU
		{10B5869E-7538-427F-B14C-487467F575A1}.Debug|x86.ActiveCfg = Debug|Any CPU
		{10B5869E-7538-427F-B14C-487467F575A1}.Debug|x86.Build.0 = Debug|Any CPU
		{10B5869E-7538-427F-B14C-487467F575A1}.Release|Any CPU.ActiveCfg = Release|Any CPU
		{10B5869E-7538-427F-B14C-487467F575A1}.Release|Any CPU.Build.0 = Release|Any CPU
		{10B5869E-7538-427F-B14C-487467F575A1}.Release|x64.ActiveCfg = Release|Any CPU
		{10B5869E-7538-427F-B14C-487467F575A1}.Release|x64.Build.0 = Release|Any CPU
		{10B5869E-7538-427F-B14C-487467F575A1}.Release|x86.ActiveCfg = Release|Any CPU
		{10B5869E-7538-427F-B14C-487467F575A1}.Release|x86.Build.0 = Release|Any CPU
	EndGlobalSection
	GlobalSection(SolutionProperties) = preSolution
		HideSolutionNode = FALSE
	EndGlobalSection
	GlobalSection(NestedProjects) = preSolution
		{8C527619-0C55-483B-82E4-C86DB2EA88EC} = {4F52FD11-658E-A102-6CD3-7D7C16FFA15B}
		{652398D5-0769-4C43-91FF-C987C3E82088} = {827E0CD3-B72D-47B6-A68D-7590B98EB39B}
		{9DE7E217-F1AD-46EB-A6FC-D5C4AB2DA113} = {827E0CD3-B72D-47B6-A68D-7590B98EB39B}
		{C141E8F4-9740-4A75-832E-49E0FECC948F} = {827E0CD3-B72D-47B6-A68D-7590B98EB39B}
		{B3528F03-1A3F-4AF2-BB47-F8DFF92199F2} = {827E0CD3-B72D-47B6-A68D-7590B98EB39B}
		{3004775C-B9CF-4073-BB95-B75D3956C6B5} = {827E0CD3-B72D-47B6-A68D-7590B98EB39B}
		{8A06263E-8A3D-4C0A-AC01-2B98E197281D} = {827E0CD3-B72D-47B6-A68D-7590B98EB39B}
		{5A831273-35AF-4D16-8054-8215B120B15D} = {827E0CD3-B72D-47B6-A68D-7590B98EB39B}
		{A0FE45C0-7DC7-47C0-A0F7-37B40D3F5EFB} = {0AB3BF05-4346-4AA6-1389-037BE0695223}
		{10B5869E-7538-427F-B14C-487467F575A1} = {827E0CD3-B72D-47B6-A68D-7590B98EB39B}
	EndGlobalSection
EndGlobal
